
Microsoft Visual Studio Solution File, Format Version 12.00
# Visual Studio Version 16
VisualStudioVersion = 25.0.1703.6
MinimumVisualStudioVersion = 10.0.40219.1
Project("{FAE04EC0-301F-11D3-BF4B-00C04F79EFBC}") = "CodingEvents", "CodingEvents\CodingEvents.csproj", "{C1C172B4-A094-4AA4-931A-0645440EF71F}"
EndProject
Global
	GlobalSection(SolutionConfigurationPlatforms) = preSolution
		Debug|Any CPU = Debug|Any CPU
		Release|Any CPU = Release|Any CPU
	EndGlobalSection
	GlobalSection(ProjectConfigurationPlatforms) = postSolution
		{C1C172B4-A094-4AA4-931A-0645440EF71F}.Debug|Any CPU.ActiveCfg = Debug|Any CPU
		{C1C172B4-A094-4AA4-931A-0645440EF71F}.Debug|Any CPU.Build.0 = Debug|Any CPU
		{C1C172B4-A094-4AA4-931A-0645440EF71F}.Release|Any CPU.ActiveCfg = Release|Any CPU
		{C1C172B4-A094-4AA4-931A-0645440EF71F}.Release|Any CPU.Build.0 = Release|Any CPU
	EndGlobalSection
	GlobalSection(SolutionProperties) = preSolution
		HideSolutionNode = FALSE
	EndGlobalSection
	GlobalSection(ExtensibilityGlobals) = postSolution
		SolutionGuid = {E25CC0A6-3D9F-4CFF-ACBE-57B48DDFC2EF}
	EndGlobalSection
EndGlobal
